{
  "name": "mlt2edl",
  "version": "0.2.0",
  "lockfileVersion": 3,
  "requires": true,
  "packages": {
    "": {
      "name": "mlt2edl",
      "version": "0.2.0",
      "license": "GPL-3.0",
      "dependencies": {
        "timecode": "^0.0.3",
        "xmldoc": "^0.5.1"
      }
    },
    "node_modules/sax": {
      "version": "1.1.6",
      "resolved": "https://registry.npmjs.org/sax/-/sax-1.1.6.tgz",
      "integrity": "sha512-8zci48uUQyfqynGDSkUMD7FCJB96hwLnlZOXlgs1l3TX+LW27t3psSWKUxC0fxVgA86i8tL4NwGcY1h/6t3ESg==",
      "license": "ISC"
    },
    "node_modules/timecode": {
      "version": "0.0.3",
      "resolved": "https://registry.npmjs.org/timecode/-/timecode-0.0.3.tgz",
      "integrity": "sha512-PVXy6MywUnHXHE2NK641bmFcIpzDIRSBNd9bFiDdMN+Gl0Lc3z7BJcDt9eB6C7h87uyEKvyPqHvV8b7Hi72XSg=="
    },
    "node_modules/xmldoc": {
      "version": "0.5.1",
      "resolved": "https://registry.npmjs.org/xmldoc/-/xmldoc-0.5.1.tgz",
      "integrity": "sha512-RT40I5jVmRRle710br/W2XwIBg3Ev2y1FMQ5tKA4ueBuxTL1+hCOvRMpHeNshzmT0mTmR0TROP70srD/x9EWnQ==",
      "license": "MIT",
      "dependencies": {
        "sax": "~1.1.1"
      }
    }
  }
}
